
Microsoft Visual Studio Solution File, Format Version 12.00
# Visual Studio Version 16
VisualStudioVersion = 16.0.31911.196
MinimumVisualStudioVersion = 10.0.40219.1
Project("{9A19103F-16F7-4668-BE54-9A1E7A4F7556}") = "StudentTesting.MaterialDesign", "StudentTesting.MaterialDesign\StudentTesting.MaterialDesign.csproj", "{B37A2820-AB36-48CF-BEC1-6BB4652333E4}"
EndProject
Project("{9A19103F-16F7-4668-BE54-9A1E7A4F7556}") = "StudentTesting.Application", "StudentTesting.Application\StudentTesting.Application.csproj", "{A9CE4D00-6A97-4A73-89DA-186BF5CF3012}"
EndProject
Project("{9A19103F-16F7-4668-BE54-9A1E7A4F7556}") = "StudentTesting.Database", "StudentTesting.Database\StudentTesting.Database.csproj", "{1C1BBCFC-F8F1-464D-95D4-98503E16DFB2}"
EndProject
Project("{9A19103F-16F7-4668-BE54-9A1E7A4F7556}") = "StudentTesting.Database.InitalData", "StudentTesting.Database.InitalData\StudentTesting.Database.InitalData.csproj", "{18995CAF-BC02-45F2-AC71-966BEE192A4A}"
EndProject
Project("{FAE04EC0-301F-11D3-BF4B-00C04F79EFBC}") = "StudentTesting.SecurityPassword", "StudentTesting.SecurityPassword\StudentTesting.SecurityPassword.csproj", "{1C30093B-8256-4354-A789-49B0F191033D}"
EndProject
Global
	GlobalSection(SolutionConfigurationPlatforms) = preSolution
		Debug|Any CPU = Debug|Any CPU
		Release|Any CPU = Release|Any CPU
	EndGlobalSection
	GlobalSection(ProjectConfigurationPlatforms) = postSolution
		{B37A2820-AB36-48CF-BEC1-6BB4652333E4}.Debug|Any CPU.ActiveCfg = Debug|Any CPU
		{B37A2820-AB36-48CF-BEC1-6BB4652333E4}.Debug|Any CPU.Build.0 = Debug|Any CPU
		{B37A2820-AB36-48CF-BEC1-6BB4652333E4}.Release|Any CPU.ActiveCfg = Release|Any CPU
		{B37A2820-AB36-48CF-BEC1-6BB4652333E4}.Release|Any CPU.Build.0 = Release|Any CPU
		{A9CE4D00-6A97-4A73-89DA-186BF5CF3012}.Debug|Any CPU.ActiveCfg = Debug|Any CPU
		{A9CE4D00-6A97-4A73-89DA-186BF5CF3012}.Debug|Any CPU.Build.0 = Debug|Any CPU
		{A9CE4D00-6A97-4A73-89DA-186BF5CF3012}.Release|Any CPU.ActiveCfg = Release|Any CPU
		{A9CE4D00-6A97-4A73-89DA-186BF5CF3012}.Release|Any CPU.Build.0 = Release|Any CPU
		{1C1BBCFC-F8F1-464D-95D4-98503E16DFB2}.Debug|Any CPU.ActiveCfg = Debug|Any CPU
		{1C1BBCFC-F8F1-464D-95D4-98503E16DFB2}.Debug|Any CPU.Build.0 = Debug|Any CPU
		{1C1BBCFC-F8F1-464D-95D4-98503E16DFB2}.Release|Any CPU.ActiveCfg = Release|Any CPU
		{1C1BBCFC-F8F1-464D-95D4-98503E16DFB2}.Release|Any CPU.Build.0 = Release|Any CPU
		{18995CAF-BC02-45F2-AC71-966BEE192A4A}.Debug|Any CPU.ActiveCfg = Debug|Any CPU
		{18995CAF-BC02-45F2-AC71-966BEE192A4A}.Debug|Any CPU.Build.0 = Debug|Any CPU
		{18995CAF-BC02-45F2-AC71-966BEE192A4A}.Release|Any CPU.ActiveCfg = Release|Any CPU
		{18995CAF-BC02-45F2-AC71-966BEE192A4A}.Release|Any CPU.Build.0 = Release|Any CPU
		{1C30093B-8256-4354-A789-49B0F191033D}.Debug|Any CPU.ActiveCfg = Debug|Any CPU
		{1C30093B-8256-4354-A789-49B0F191033D}.Debug|Any CPU.Build.0 = Debug|Any CPU
		{1C30093B-8256-4354-A789-49B0F191033D}.Release|Any CPU.ActiveCfg = Release|Any CPU
		{1C30093B-8256-4354-A789-49B0F191033D}.Release|Any CPU.Build.0 = Release|Any CPU
	EndGlobalSection
	GlobalSection(SolutionProperties) = preSolution
		HideSolutionNode = FALSE
	EndGlobalSection
	GlobalSection(ExtensibilityGlobals) = postSolution
		SolutionGuid = {F64C726D-052B-4AAF-9839-5B40365957EE}
	EndGlobalSection
EndGlobal
